// !$*UTF8*$!
{
	archiveVersion = 1;
	classes = {
	};
	objectVersion = 55;
	objects = {

/* Begin PBXBuildFile section */
		1A2442A128E5E61200E4A0DD /* TextChatTableViewCell.swift in Sources */ = {isa = PBXBuildFile; fileRef = 1A24429F28E5E61200E4A0DD /* TextChatTableViewCell.swift */; };
		1A2442A228E5E61200E4A0DD /* TextChatTableViewCell.xib in Resources */ = {isa = PBXBuildFile; fileRef = 1A2442A028E5E61200E4A0DD /* TextChatTableViewCell.xib */; };
		1A2442A528E6054900E4A0DD /* RecTextChatTableViewCell.swift in Sources */ = {isa = PBXBuildFile; fileRef = 1A2442A328E6054900E4A0DD /* RecTextChatTableViewCell.swift */; };
		1A2442A628E6054900E4A0DD /* RecTextChatTableViewCell.xib in Resources */ = {isa = PBXBuildFile; fileRef = 1A2442A428E6054900E4A0DD /* RecTextChatTableViewCell.xib */; };
		1A2A951C29274B470041BF9E /* EngLoc.strings in Resources */ = {isa = PBXBuildFile; fileRef = 1A2A951E29274B470041BF9E /* EngLoc.strings */; };
		1A2D1A7B28D4D2300075AB3B /* String_Extensions.swift in Sources */ = {isa = PBXBuildFile; fileRef = 1A2D1A7A28D4D22F0075AB3B /* String_Extensions.swift */; };
		1A38E3E6293DF6700057C252 /* SettingAccountViewController.swift in Sources */ = {isa = PBXBuildFile; fileRef = 1A38E3E5293DF6700057C252 /* SettingAccountViewController.swift */; };
		1A41E69628E2D8C7006D0C9A /* CachingPlayerItem.swift in Sources */ = {isa = PBXBuildFile; fileRef = 1A41E69528E2D8C6006D0C9A /* CachingPlayerItem.swift */; };
		1A46A017290BC7BD0096A923 /* FriendRequestRTableViewCell.swift in Sources */ = {isa = PBXBuildFile; fileRef = 1A46A015290BC7BD0096A923 /* FriendRequestRTableViewCell.swift */; };
		1A46A018290BC7BD0096A923 /* FriendRequestRTableViewCell.xib in Resources */ = {isa = PBXBuildFile; fileRef = 1A46A016290BC7BD0096A923 /* FriendRequestRTableViewCell.xib */; };
		1A46A01B290BC7E10096A923 /* FriendRequestSTableViewCell.swift in Sources */ = {isa = PBXBuildFile; fileRef = 1A46A019290BC7E10096A923 /* FriendRequestSTableViewCell.swift */; };
		1A46A01C290BC7E10096A923 /* FriendRequestSTableViewCell.xib in Resources */ = {isa = PBXBuildFile; fileRef = 1A46A01A290BC7E10096A923 /* FriendRequestSTableViewCell.xib */; };
		1A48B3D328DD7ADE00FCEA88 /* UIBezierPath_Extensions.swift in Sources */ = {isa = PBXBuildFile; fileRef = 1A48B3D228DD7ADE00FCEA88 /* UIBezierPath_Extensions.swift */; };
		1A48B3D528DD7B1200FCEA88 /* UIView_Extensions.swift in Sources */ = {isa = PBXBuildFile; fileRef = 1A48B3D428DD7B1200FCEA88 /* UIView_Extensions.swift */; };
		1A48B41828DD93D100FCEA88 /* ChatVC_Extensions.swift in Sources */ = {isa = PBXBuildFile; fileRef = 1A48B41728DD93D100FCEA88 /* ChatVC_Extensions.swift */; };
		1A4A864C28E31B820078EAFC /* Cache in Frameworks */ = {isa = PBXBuildFile; productRef = 1A4A864B28E31B820078EAFC /* Cache */; };
		1A4E1E4928FC497100743552 /* Pods_Connected.framework in Frameworks */ = {isa = PBXBuildFile; fileRef = E48F2E930CD9E1781D878261 /* Pods_Connected.framework */; };
		1A61D0BF291D5CAD00069A77 /* SettingEtcViewController.swift in Sources */ = {isa = PBXBuildFile; fileRef = 1A61D0BE291D5CAD00069A77 /* SettingEtcViewController.swift */; };
		1A61D0C62924D26200069A77 /* DescriptiveData.swift in Sources */ = {isa = PBXBuildFile; fileRef = 1A61D0C52924D25E00069A77 /* DescriptiveData.swift */; };
		1A72070828EB62CB008F8B82 /* Constants.swift in Sources */ = {isa = PBXBuildFile; fileRef = 1A72070728EB62CB008F8B82 /* Constants.swift */; };
		1A72070B28ED7263008F8B82 /* ChatRoomTableViewCell.swift in Sources */ = {isa = PBXBuildFile; fileRef = 1A72070928ED7263008F8B82 /* ChatRoomTableViewCell.swift */; };
		1A72070C28ED7263008F8B82 /* ChatRoomTableViewCell.xib in Resources */ = {isa = PBXBuildFile; fileRef = 1A72070A28ED7263008F8B82 /* ChatRoomTableViewCell.xib */; };
		1A72070F28ED7508008F8B82 /* ChatRoomViewController.swift in Sources */ = {isa = PBXBuildFile; fileRef = 1A72070E28ED7508008F8B82 /* ChatRoomViewController.swift */; };
		1A72071128ED8204008F8B82 /* UserInfoViewModel.swift in Sources */ = {isa = PBXBuildFile; fileRef = 1A72071028ED8204008F8B82 /* UserInfoViewModel.swift */; };
		1A72071328EDCEF9008F8B82 /* ChatRoomVC_Extensions.swift in Sources */ = {isa = PBXBuildFile; fileRef = 1A72071228EDCEF9008F8B82 /* ChatRoomVC_Extensions.swift */; };
		1A72071528EFF7A4008F8B82 /* FriendsViewController.swift in Sources */ = {isa = PBXBuildFile; fileRef = 1A72071428EFF7A4008F8B82 /* FriendsViewController.swift */; };
		1A7E868E292E448C00EED7B5 /* SpeechRecognizer.swift in Sources */ = {isa = PBXBuildFile; fileRef = 1A7E868D292E448C00EED7B5 /* SpeechRecognizer.swift */; };
		1A7FBDB628EFFE7C001A37BF /* MyTabBarController.swift in Sources */ = {isa = PBXBuildFile; fileRef = 1A7FBDB528EFFE7C001A37BF /* MyTabBarController.swift */; };
		1A7FBDB928F005DC001A37BF /* MyProfileTableViewCell.swift in Sources */ = {isa = PBXBuildFile; fileRef = 1A7FBDB728F005DC001A37BF /* MyProfileTableViewCell.swift */; };
		1A7FBDBA28F005DC001A37BF /* MyProfileTableViewCell.xib in Resources */ = {isa = PBXBuildFile; fileRef = 1A7FBDB828F005DC001A37BF /* MyProfileTableViewCell.xib */; };
		1A7FBDBC28F025B8001A37BF /* FriendsVC_Extensions.swift in Sources */ = {isa = PBXBuildFile; fileRef = 1A7FBDBB28F025B8001A37BF /* FriendsVC_Extensions.swift */; };
		1A7FBDBF28F1B652001A37BF /* FriendProfileTableViewCell.swift in Sources */ = {isa = PBXBuildFile; fileRef = 1A7FBDBD28F1B652001A37BF /* FriendProfileTableViewCell.swift */; };
		1A7FBDC028F1B652001A37BF /* FriendProfileTableViewCell.xib in Resources */ = {isa = PBXBuildFile; fileRef = 1A7FBDBE28F1B652001A37BF /* FriendProfileTableViewCell.xib */; };
		1A7FBDC228F5D5B0001A37BF /* UITableView_Extensions.swift in Sources */ = {isa = PBXBuildFile; fileRef = 1A7FBDC128F5D5AF001A37BF /* UITableView_Extensions.swift */; };
		1A7FBDC428F6B1E7001A37BF /* ProfileSheetViewController.swift in Sources */ = {isa = PBXBuildFile; fileRef = 1A7FBDC328F6B1E7001A37BF /* ProfileSheetViewController.swift */; };
		1AA8A0D62914251C00110A88 /* NewChatViewController.swift in Sources */ = {isa = PBXBuildFile; fileRef = 1AA8A0D52914251B00110A88 /* NewChatViewController.swift */; };
		1AAC727A291954FD00842AB7 /* SettingsViewController.swift in Sources */ = {isa = PBXBuildFile; fileRef = 1AAC7279291954FC00842AB7 /* SettingsViewController.swift */; };
		1AAC727D291BFA3200842AB7 /* SettingAppearanceViewController.swift in Sources */ = {isa = PBXBuildFile; fileRef = 1AAC727C291BFA3200842AB7 /* SettingAppearanceViewController.swift */; };
		1AACE88728CB409F00B96A7C /* AppDelegate.swift in Sources */ = {isa = PBXBuildFile; fileRef = 1AACE88628CB409F00B96A7C /* AppDelegate.swift */; };
		1AACE88B28CB409F00B96A7C /* LoginViewController.swift in Sources */ = {isa = PBXBuildFile; fileRef = 1AACE88A28CB409F00B96A7C /* LoginViewController.swift */; };
		1AACE88E28CB409F00B96A7C /* Main.storyboard in Resources */ = {isa = PBXBuildFile; fileRef = 1AACE88C28CB409F00B96A7C /* Main.storyboard */; };
		1AACE89028CB40A300B96A7C /* Assets.xcassets in Resources */ = {isa = PBXBuildFile; fileRef = 1AACE88F28CB40A300B96A7C /* Assets.xcassets */; };
		1AACE89328CB40A300B96A7C /* LaunchScreen.storyboard in Resources */ = {isa = PBXBuildFile; fileRef = 1AACE89128CB40A300B96A7C /* LaunchScreen.storyboard */; };
		1AACE8DA28CE0AAA00B96A7C /* OpenSans-BoldItalic.ttf in Resources */ = {isa = PBXBuildFile; fileRef = 1AACE8CE28CE0AA500B96A7C /* OpenSans-BoldItalic.ttf */; };
		1AACE8DB28CE0AAA00B96A7C /* OpenSans-Medium.ttf in Resources */ = {isa = PBXBuildFile; fileRef = 1AACE8CF28CE0AA500B96A7C /* OpenSans-Medium.ttf */; };
		1AACE8DC28CE0AAA00B96A7C /* OpenSans-SemiBoldItalic.ttf in Resources */ = {isa = PBXBuildFile; fileRef = 1AACE8D028CE0AA600B96A7C /* OpenSans-SemiBoldItalic.ttf */; };
		1AACE8DD28CE0AAA00B96A7C /* OpenSans-SemiBold.ttf in Resources */ = {isa = PBXBuildFile; fileRef = 1AACE8D128CE0AA600B96A7C /* OpenSans-SemiBold.ttf */; };
		1AACE8DE28CE0AAA00B96A7C /* OpenSans-Regular.ttf in Resources */ = {isa = PBXBuildFile; fileRef = 1AACE8D228CE0AA700B96A7C /* OpenSans-Regular.ttf */; };
		1AACE8DF28CE0AAA00B96A7C /* OpenSans-MediumItalic.ttf in Resources */ = {isa = PBXBuildFile; fileRef = 1AACE8D328CE0AA700B96A7C /* OpenSans-MediumItalic.ttf */; };
		1AACE8E028CE0AAA00B96A7C /* OpenSans-ExtraBold.ttf in Resources */ = {isa = PBXBuildFile; fileRef = 1AACE8D428CE0AA800B96A7C /* OpenSans-ExtraBold.ttf */; };
		1AACE8E128CE0AAA00B96A7C /* OpenSans-Light.ttf in Resources */ = {isa = PBXBuildFile; fileRef = 1AACE8D528CE0AA800B96A7C /* OpenSans-Light.ttf */; };
		1AACE8E228CE0AAA00B96A7C /* OpenSans-Bold.ttf in Resources */ = {isa = PBXBuildFile; fileRef = 1AACE8D628CE0AA800B96A7C /* OpenSans-Bold.ttf */; };
		1AACE8E328CE0AAA00B96A7C /* OpenSans-Italic.ttf in Resources */ = {isa = PBXBuildFile; fileRef = 1AACE8D728CE0AA900B96A7C /* OpenSans-Italic.ttf */; };
		1AACE8E428CE0AAA00B96A7C /* OpenSans-LightItalic.ttf in Resources */ = {isa = PBXBuildFile; fileRef = 1AACE8D828CE0AA900B96A7C /* OpenSans-LightItalic.ttf */; };
		1AACE8E528CE0AAA00B96A7C /* OpenSans-ExtraBoldItalic.ttf in Resources */ = {isa = PBXBuildFile; fileRef = 1AACE8D928CE0AAA00B96A7C /* OpenSans-ExtraBoldItalic.ttf */; };
		1AACE8E928CE300A00B96A7C /* UITextField_Extensions.swift in Sources */ = {isa = PBXBuildFile; fileRef = 1AACE8E828CE300A00B96A7C /* UITextField_Extensions.swift */; };
		1AACE8EB28CE312700B96A7C /* UIViewController_Extensions.swift in Sources */ = {isa = PBXBuildFile; fileRef = 1AACE8EA28CE312700B96A7C /* UIViewController_Extensions.swift */; };
		1AACE8F028CE39F400B96A7C /* PartialSheet in Frameworks */ = {isa = PBXBuildFile; productRef = 1AACE8EF28CE39F400B96A7C /* PartialSheet */; };
		1AACE8F228CE3CF400B96A7C /* LoginSheetViewController.swift in Sources */ = {isa = PBXBuildFile; fileRef = 1AACE8F128CE3CF400B96A7C /* LoginSheetViewController.swift */; };
		1AAF931128DF5E7C007FDCBB /* PulseAnimation.swift in Sources */ = {isa = PBXBuildFile; fileRef = 1AAF931028DF5E7C007FDCBB /* PulseAnimation.swift */; };
		1AB6A01828CF057300A0D127 /* LoginSheetVC_Extensions.swift in Sources */ = {isa = PBXBuildFile; fileRef = 1AB6A01728CF057300A0D127 /* LoginSheetVC_Extensions.swift */; };
		1AB6A01A28D09A8900A0D127 /* SignupViewController.swift in Sources */ = {isa = PBXBuildFile; fileRef = 1AB6A01928D09A8900A0D127 /* SignupViewController.swift */; };
		1AB6A01C28D0D80600A0D127 /* UIApplication_Extensions.swift in Sources */ = {isa = PBXBuildFile; fileRef = 1AB6A01B28D0D80600A0D127 /* UIApplication_Extensions.swift */; };
		1AB6A02128D0DEB000A0D127 /* CustomTransition.swift in Sources */ = {isa = PBXBuildFile; fileRef = 1AB6A02028D0DEB000A0D127 /* CustomTransition.swift */; };
		1ABF82D328DDDF1400433095 /* localAudio.m4a in Resources */ = {isa = PBXBuildFile; fileRef = 1ABF82D228DDDF1300433095 /* localAudio.m4a */; };
		1ADA77B528DB0985006EC39B /* UserViewModel.swift in Sources */ = {isa = PBXBuildFile; fileRef = 1ADA77B428DB0985006EC39B /* UserViewModel.swift */; };
		1ADA77B828DB099D006EC39B /* ChatTableViewCell.swift in Sources */ = {isa = PBXBuildFile; fileRef = 1ADA77B628DB099D006EC39B /* ChatTableViewCell.swift */; };
		1ADA77B928DB099D006EC39B /* ChatTableViewCell.xib in Resources */ = {isa = PBXBuildFile; fileRef = 1ADA77B728DB099D006EC39B /* ChatTableViewCell.xib */; };
		1ADA77BB28DB09B3006EC39B /* ChatViewController.swift in Sources */ = {isa = PBXBuildFile; fileRef = 1ADA77BA28DB09B3006EC39B /* ChatViewController.swift */; };
		1ADA77BE28DB55CC006EC39B /* DSWaveformImage in Frameworks */ = {isa = PBXBuildFile; productRef = 1ADA77BD28DB55CC006EC39B /* DSWaveformImage */; };
		1ADA77C128DB5722006EC39B /* RecChatTableViewCell.swift in Sources */ = {isa = PBXBuildFile; fileRef = 1ADA77BF28DB5722006EC39B /* RecChatTableViewCell.swift */; };
		1ADA77C228DB5722006EC39B /* RecChatTableViewCell.xib in Resources */ = {isa = PBXBuildFile; fileRef = 1ADA77C028DB5722006EC39B /* RecChatTableViewCell.xib */; };
		1ADDB26E28D71FFF00329EA4 /* SignupVC_Extensions.swift in Sources */ = {isa = PBXBuildFile; fileRef = 1ADDB26D28D71FFF00329EA4 /* SignupVC_Extensions.swift */; };
		1AEC6A332938C5A600EC5CC7 /* GoogleService-Info.plist in Resources */ = {isa = PBXBuildFile; fileRef = 1AEC6A322938C5A600EC5CC7 /* GoogleService-Info.plist */; };
		1AEC6A3729391CF500EC5CC7 /* UniqueMessage.swift in Sources */ = {isa = PBXBuildFile; fileRef = 1AEC6A3629391CF500EC5CC7 /* UniqueMessage.swift */; };
		1AEC6A392939209900EC5CC7 /* UniqueMessageIdentifier.swift in Sources */ = {isa = PBXBuildFile; fileRef = 1AEC6A382939209900EC5CC7 /* UniqueMessageIdentifier.swift */; };
/* End PBXBuildFile section */

/* Begin PBXFileReference section */
		064D0AEE5178D604102F31F1 /* Pods-Connected.debug.xcconfig */ = {isa = PBXFileReference; includeInIndex = 1; lastKnownFileType = text.xcconfig; name = "Pods-Connected.debug.xcconfig"; path = "Target Support Files/Pods-Connected/Pods-Connected.debug.xcconfig"; sourceTree = "<group>"; };
		1A24429F28E5E61200E4A0DD /* TextChatTableViewCell.swift */ = {isa = PBXFileReference; lastKnownFileType = sourcecode.swift; path = TextChatTableViewCell.swift; sourceTree = "<group>"; };
		1A2442A028E5E61200E4A0DD /* TextChatTableViewCell.xib */ = {isa = PBXFileReference; lastKnownFileType = file.xib; path = TextChatTableViewCell.xib; sourceTree = "<group>"; };
		1A2442A328E6054900E4A0DD /* RecTextChatTableViewCell.swift */ = {isa = PBXFileReference; lastKnownFileType = sourcecode.swift; path = RecTextChatTableViewCell.swift; sourceTree = "<group>"; };
		1A2442A428E6054900E4A0DD /* RecTextChatTableViewCell.xib */ = {isa = PBXFileReference; lastKnownFileType = file.xib; path = RecTextChatTableViewCell.xib; sourceTree = "<group>"; };
		1A2A9517292747FB0041BF9E /* ko */ = {isa = PBXFileReference; lastKnownFileType = text.plist.strings; name = ko; path = ko.lproj/LaunchScreen.strings; sourceTree = "<group>"; };
		1A2A951D29274B470041BF9E /* en */ = {isa = PBXFileReference; lastKnownFileType = text.plist.strings; name = en; path = en.lproj/EngLoc.strings; sourceTree = "<group>"; };
		1A2A951F29274B5D0041BF9E /* ko */ = {isa = PBXFileReference; lastKnownFileType = text.plist.strings; name = ko; path = ko.lproj/EngLoc.strings; sourceTree = "<group>"; };
		1A2A9520292A79A40041BF9E /* en */ = {isa = PBXFileReference; lastKnownFileType = text.plist.strings; name = en; path = en.lproj/Main.strings; sourceTree = "<group>"; };
		1A2A9521292A79A80041BF9E /* ko */ = {isa = PBXFileReference; lastKnownFileType = text.plist.strings; name = ko; path = ko.lproj/Main.strings; sourceTree = "<group>"; };
		1A2D1A7A28D4D22F0075AB3B /* String_Extensions.swift */ = {isa = PBXFileReference; lastKnownFileType = sourcecode.swift; path = String_Extensions.swift; sourceTree = "<group>"; };
		1A38E3E5293DF6700057C252 /* SettingAccountViewController.swift */ = {isa = PBXFileReference; lastKnownFileType = sourcecode.swift; path = SettingAccountViewController.swift; sourceTree = "<group>"; };
		1A41E69528E2D8C6006D0C9A /* CachingPlayerItem.swift */ = {isa = PBXFileReference; fileEncoding = 4; lastKnownFileType = sourcecode.swift; path = CachingPlayerItem.swift; sourceTree = "<group>"; };
		1A46A015290BC7BD0096A923 /* FriendRequestRTableViewCell.swift */ = {isa = PBXFileReference; lastKnownFileType = sourcecode.swift; path = FriendRequestRTableViewCell.swift; sourceTree = "<group>"; };
		1A46A016290BC7BD0096A923 /* FriendRequestRTableViewCell.xib */ = {isa = PBXFileReference; lastKnownFileType = file.xib; path = FriendRequestRTableViewCell.xib; sourceTree = "<group>"; };
		1A46A019290BC7E10096A923 /* FriendRequestSTableViewCell.swift */ = {isa = PBXFileReference; lastKnownFileType = sourcecode.swift; path = FriendRequestSTableViewCell.swift; sourceTree = "<group>"; };
		1A46A01A290BC7E10096A923 /* FriendRequestSTableViewCell.xib */ = {isa = PBXFileReference; lastKnownFileType = file.xib; path = FriendRequestSTableViewCell.xib; sourceTree = "<group>"; };
		1A48B3D228DD7ADE00FCEA88 /* UIBezierPath_Extensions.swift */ = {isa = PBXFileReference; lastKnownFileType = sourcecode.swift; path = UIBezierPath_Extensions.swift; sourceTree = "<group>"; };
		1A48B3D428DD7B1200FCEA88 /* UIView_Extensions.swift */ = {isa = PBXFileReference; lastKnownFileType = sourcecode.swift; path = UIView_Extensions.swift; sourceTree = "<group>"; };
		1A48B41728DD93D100FCEA88 /* ChatVC_Extensions.swift */ = {isa = PBXFileReference; lastKnownFileType = sourcecode.swift; path = ChatVC_Extensions.swift; sourceTree = "<group>"; };
		1A61D0BE291D5CAD00069A77 /* SettingEtcViewController.swift */ = {isa = PBXFileReference; lastKnownFileType = sourcecode.swift; path = SettingEtcViewController.swift; sourceTree = "<group>"; };
		1A61D0C52924D25E00069A77 /* DescriptiveData.swift */ = {isa = PBXFileReference; lastKnownFileType = sourcecode.swift; path = DescriptiveData.swift; sourceTree = "<group>"; };
		1A72070728EB62CB008F8B82 /* Constants.swift */ = {isa = PBXFileReference; lastKnownFileType = sourcecode.swift; path = Constants.swift; sourceTree = "<group>"; };
		1A72070928ED7263008F8B82 /* ChatRoomTableViewCell.swift */ = {isa = PBXFileReference; lastKnownFileType = sourcecode.swift; path = ChatRoomTableViewCell.swift; sourceTree = "<group>"; };
		1A72070A28ED7263008F8B82 /* ChatRoomTableViewCell.xib */ = {isa = PBXFileReference; lastKnownFileType = file.xib; path = ChatRoomTableViewCell.xib; sourceTree = "<group>"; };
		1A72070E28ED7508008F8B82 /* ChatRoomViewController.swift */ = {isa = PBXFileReference; lastKnownFileType = sourcecode.swift; path = ChatRoomViewController.swift; sourceTree = "<group>"; };
		1A72071028ED8204008F8B82 /* UserInfoViewModel.swift */ = {isa = PBXFileReference; lastKnownFileType = sourcecode.swift; path = UserInfoViewModel.swift; sourceTree = "<group>"; };
		1A72071228EDCEF9008F8B82 /* ChatRoomVC_Extensions.swift */ = {isa = PBXFileReference; lastKnownFileType = sourcecode.swift; path = ChatRoomVC_Extensions.swift; sourceTree = "<group>"; };
		1A72071428EFF7A4008F8B82 /* FriendsViewController.swift */ = {isa = PBXFileReference; lastKnownFileType = sourcecode.swift; path = FriendsViewController.swift; sourceTree = "<group>"; };
		1A7E868D292E448C00EED7B5 /* SpeechRecognizer.swift */ = {isa = PBXFileReference; lastKnownFileType = sourcecode.swift; path = SpeechRecognizer.swift; sourceTree = "<group>"; };
		1A7FBDB528EFFE7C001A37BF /* MyTabBarController.swift */ = {isa = PBXFileReference; lastKnownFileType = sourcecode.swift; path = MyTabBarController.swift; sourceTree = "<group>"; };
		1A7FBDB728F005DC001A37BF /* MyProfileTableViewCell.swift */ = {isa = PBXFileReference; lastKnownFileType = sourcecode.swift; path = MyProfileTableViewCell.swift; sourceTree = "<group>"; };
		1A7FBDB828F005DC001A37BF /* MyProfileTableViewCell.xib */ = {isa = PBXFileReference; lastKnownFileType = file.xib; path = MyProfileTableViewCell.xib; sourceTree = "<group>"; };
		1A7FBDBB28F025B8001A37BF /* FriendsVC_Extensions.swift */ = {isa = PBXFileReference; lastKnownFileType = sourcecode.swift; path = FriendsVC_Extensions.swift; sourceTree = "<group>"; };
		1A7FBDBD28F1B652001A37BF /* FriendProfileTableViewCell.swift */ = {isa = PBXFileReference; lastKnownFileType = sourcecode.swift; path = FriendProfileTableViewCell.swift; sourceTree = "<group>"; };
		1A7FBDBE28F1B652001A37BF /* FriendProfileTableViewCell.xib */ = {isa = PBXFileReference; lastKnownFileType = file.xib; path = FriendProfileTableViewCell.xib; sourceTree = "<group>"; };
		1A7FBDC128F5D5AF001A37BF /* UITableView_Extensions.swift */ = {isa = PBXFileReference; lastKnownFileType = sourcecode.swift; path = UITableView_Extensions.swift; sourceTree = "<group>"; };
		1A7FBDC328F6B1E7001A37BF /* ProfileSheetViewController.swift */ = {isa = PBXFileReference; lastKnownFileType = sourcecode.swift; path = ProfileSheetViewController.swift; sourceTree = "<group>"; };
		1AA8A0D52914251B00110A88 /* NewChatViewController.swift */ = {isa = PBXFileReference; lastKnownFileType = sourcecode.swift; path = NewChatViewController.swift; sourceTree = "<group>"; };
		1AAC7279291954FC00842AB7 /* SettingsViewController.swift */ = {isa = PBXFileReference; lastKnownFileType = sourcecode.swift; path = SettingsViewController.swift; sourceTree = "<group>"; };
		1AAC727B291BAE4100842AB7 /* ConnectedDebug.entitlements */ = {isa = PBXFileReference; lastKnownFileType = text.plist.entitlements; path = ConnectedDebug.entitlements; sourceTree = "<group>"; };
		1AAC727C291BFA3200842AB7 /* SettingAppearanceViewController.swift */ = {isa = PBXFileReference; lastKnownFileType = sourcecode.swift; path = SettingAppearanceViewController.swift; sourceTree = "<group>"; };
		1AACE88328CB409F00B96A7C /* Connected.app */ = {isa = PBXFileReference; explicitFileType = wrapper.application; includeInIndex = 0; path = Connected.app; sourceTree = BUILT_PRODUCTS_DIR; };
		1AACE88628CB409F00B96A7C /* AppDelegate.swift */ = {isa = PBXFileReference; lastKnownFileType = sourcecode.swift; path = AppDelegate.swift; sourceTree = "<group>"; };
		1AACE88A28CB409F00B96A7C /* LoginViewController.swift */ = {isa = PBXFileReference; lastKnownFileType = sourcecode.swift; path = LoginViewController.swift; sourceTree = "<group>"; };
		1AACE88D28CB409F00B96A7C /* Base */ = {isa = PBXFileReference; lastKnownFileType = file.storyboard; name = Base; path = Base.lproj/Main.storyboard; sourceTree = "<group>"; };
		1AACE88F28CB40A300B96A7C /* Assets.xcassets */ = {isa = PBXFileReference; lastKnownFileType = folder.assetcatalog; path = Assets.xcassets; sourceTree = "<group>"; };
		1AACE89228CB40A300B96A7C /* Base */ = {isa = PBXFileReference; lastKnownFileType = file.storyboard; name = Base; path = Base.lproj/LaunchScreen.storyboard; sourceTree = "<group>"; };
		1AACE89428CB40A300B96A7C /* Info.plist */ = {isa = PBXFileReference; lastKnownFileType = text.plist.xml; path = Info.plist; sourceTree = "<group>"; };
		1AACE8CE28CE0AA500B96A7C /* OpenSans-BoldItalic.ttf */ = {isa = PBXFileReference; lastKnownFileType = file; path = "OpenSans-BoldItalic.ttf"; sourceTree = "<group>"; };
		1AACE8CF28CE0AA500B96A7C /* OpenSans-Medium.ttf */ = {isa = PBXFileReference; lastKnownFileType = file; path = "OpenSans-Medium.ttf"; sourceTree = "<group>"; };
		1AACE8D028CE0AA600B96A7C /* OpenSans-SemiBoldItalic.ttf */ = {isa = PBXFileReference; lastKnownFileType = file; path = "OpenSans-SemiBoldItalic.ttf"; sourceTree = "<group>"; };
		1AACE8D128CE0AA600B96A7C /* OpenSans-SemiBold.ttf */ = {isa = PBXFileReference; lastKnownFileType = file; path = "OpenSans-SemiBold.ttf"; sourceTree = "<group>"; };
		1AACE8D228CE0AA700B96A7C /* OpenSans-Regular.ttf */ = {isa = PBXFileReference; lastKnownFileType = file; path = "OpenSans-Regular.ttf"; sourceTree = "<group>"; };
		1AACE8D328CE0AA700B96A7C /* OpenSans-MediumItalic.ttf */ = {isa = PBXFileReference; lastKnownFileType = file; path = "OpenSans-MediumItalic.ttf"; sourceTree = "<group>"; };
		1AACE8D428CE0AA800B96A7C /* OpenSans-ExtraBold.ttf */ = {isa = PBXFileReference; lastKnownFileType = file; path = "OpenSans-ExtraBold.ttf"; sourceTree = "<group>"; };
		1AACE8D528CE0AA800B96A7C /* OpenSans-Light.ttf */ = {isa = PBXFileReference; lastKnownFileType = file; path = "OpenSans-Light.ttf"; sourceTree = "<group>"; };
		1AACE8D628CE0AA800B96A7C /* OpenSans-Bold.ttf */ = {isa = PBXFileReference; lastKnownFileType = file; path = "OpenSans-Bold.ttf"; sourceTree = "<group>"; };
		1AACE8D728CE0AA900B96A7C /* OpenSans-Italic.ttf */ = {isa = PBXFileReference; lastKnownFileType = file; path = "OpenSans-Italic.ttf"; sourceTree = "<group>"; };
		1AACE8D828CE0AA900B96A7C /* OpenSans-LightItalic.ttf */ = {isa = PBXFileReference; lastKnownFileType = file; path = "OpenSans-LightItalic.ttf"; sourceTree = "<group>"; };
		1AACE8D928CE0AAA00B96A7C /* OpenSans-ExtraBoldItalic.ttf */ = {isa = PBXFileReference; lastKnownFileType = file; path = "OpenSans-ExtraBoldItalic.ttf"; sourceTree = "<group>"; };
		1AACE8E828CE300A00B96A7C /* UITextField_Extensions.swift */ = {isa = PBXFileReference; lastKnownFileType = sourcecode.swift; path = UITextField_Extensions.swift; sourceTree = "<group>"; };
		1AACE8EA28CE312700B96A7C /* UIViewController_Extensions.swift */ = {isa = PBXFileReference; lastKnownFileType = sourcecode.swift; path = UIViewController_Extensions.swift; sourceTree = "<group>"; };
		1AACE8F128CE3CF400B96A7C /* LoginSheetViewController.swift */ = {isa = PBXFileReference; lastKnownFileType = sourcecode.swift; path = LoginSheetViewController.swift; sourceTree = "<group>"; };
		1AAF931028DF5E7C007FDCBB /* PulseAnimation.swift */ = {isa = PBXFileReference; lastKnownFileType = sourcecode.swift; path = PulseAnimation.swift; sourceTree = "<group>"; };
		1AB6A01728CF057300A0D127 /* LoginSheetVC_Extensions.swift */ = {isa = PBXFileReference; lastKnownFileType = sourcecode.swift; path = LoginSheetVC_Extensions.swift; sourceTree = "<group>"; };
		1AB6A01928D09A8900A0D127 /* SignupViewController.swift */ = {isa = PBXFileReference; lastKnownFileType = sourcecode.swift; path = SignupViewController.swift; sourceTree = "<group>"; };
		1AB6A01B28D0D80600A0D127 /* UIApplication_Extensions.swift */ = {isa = PBXFileReference; lastKnownFileType = sourcecode.swift; path = UIApplication_Extensions.swift; sourceTree = "<group>"; };
		1AB6A02028D0DEB000A0D127 /* CustomTransition.swift */ = {isa = PBXFileReference; lastKnownFileType = sourcecode.swift; path = CustomTransition.swift; sourceTree = "<group>"; };
		1AB6A02228D22D5800A0D127 /* Connected.entitlements */ = {isa = PBXFileReference; lastKnownFileType = text.plist.entitlements; path = Connected.entitlements; sourceTree = "<group>"; };
		1ABF82D228DDDF1300433095 /* localAudio.m4a */ = {isa = PBXFileReference; lastKnownFileType = file; path = localAudio.m4a; sourceTree = "<group>"; };
		1ADA77B428DB0985006EC39B /* UserViewModel.swift */ = {isa = PBXFileReference; lastKnownFileType = sourcecode.swift; path = UserViewModel.swift; sourceTree = "<group>"; };
		1ADA77B628DB099D006EC39B /* ChatTableViewCell.swift */ = {isa = PBXFileReference; lastKnownFileType = sourcecode.swift; path = ChatTableViewCell.swift; sourceTree = "<group>"; };
		1ADA77B728DB099D006EC39B /* ChatTableViewCell.xib */ = {isa = PBXFileReference; lastKnownFileType = file.xib; path = ChatTableViewCell.xib; sourceTree = "<group>"; };
		1ADA77BA28DB09B3006EC39B /* ChatViewController.swift */ = {isa = PBXFileReference; lastKnownFileType = sourcecode.swift; path = ChatViewController.swift; sourceTree = "<group>"; };
		1ADA77BF28DB5722006EC39B /* RecChatTableViewCell.swift */ = {isa = PBXFileReference; lastKnownFileType = sourcecode.swift; path = RecChatTableViewCell.swift; sourceTree = "<group>"; };
		1ADA77C028DB5722006EC39B /* RecChatTableViewCell.xib */ = {isa = PBXFileReference; lastKnownFileType = file.xib; path = RecChatTableViewCell.xib; sourceTree = "<group>"; };
		1ADDB26D28D71FFF00329EA4 /* SignupVC_Extensions.swift */ = {isa = PBXFileReference; lastKnownFileType = sourcecode.swift; path = SignupVC_Extensions.swift; sourceTree = "<group>"; };
		1AEC6A322938C5A600EC5CC7 /* GoogleService-Info.plist */ = {isa = PBXFileReference; fileEncoding = 4; lastKnownFileType = text.plist.xml; path = "GoogleService-Info.plist"; sourceTree = "<group>"; };
		1AEC6A3629391CF500EC5CC7 /* UniqueMessage.swift */ = {isa = PBXFileReference; lastKnownFileType = sourcecode.swift; path = UniqueMessage.swift; sourceTree = "<group>"; };
		1AEC6A382939209900EC5CC7 /* UniqueMessageIdentifier.swift */ = {isa = PBXFileReference; lastKnownFileType = sourcecode.swift; path = UniqueMessageIdentifier.swift; sourceTree = "<group>"; };
		8AA12650B1F3ED57E08103C7 /* Pods-Connected.release.xcconfig */ = {isa = PBXFileReference; includeInIndex = 1; lastKnownFileType = text.xcconfig; name = "Pods-Connected.release.xcconfig"; path = "Target Support Files/Pods-Connected/Pods-Connected.release.xcconfig"; sourceTree = "<group>"; };
		E48F2E930CD9E1781D878261 /* Pods_Connected.framework */ = {isa = PBXFileReference; explicitFileType = wrapper.framework; includeInIndex = 0; path = Pods_Connected.framework; sourceTree = BUILT_PRODUCTS_DIR; };
/* End PBXFileReference section */

/* Begin PBXFrameworksBuildPhase section */
		1AACE88028CB409F00B96A7C /* Frameworks */ = {
			isa = PBXFrameworksBuildPhase;
			buildActionMask = 2147483647;
			files = (
				1A4E1E4928FC497100743552 /* Pods_Connected.framework in Frameworks */,
				1AACE8F028CE39F400B96A7C /* PartialSheet in Frameworks */,
				1A4A864C28E31B820078EAFC /* Cache in Frameworks */,
				1ADA77BE28DB55CC006EC39B /* DSWaveformImage in Frameworks */,
			);
			runOnlyForDeploymentPostprocessing = 0;
		};
/* End PBXFrameworksBuildPhase section */

/* Begin PBXGroup section */
		1A61D0C72924D27300069A77 /* Model */ = {
			isa = PBXGroup;
			children = (
				1A61D0C52924D25E00069A77 /* DescriptiveData.swift */,
				1A7E868D292E448C00EED7B5 /* SpeechRecognizer.swift */,
				1AEC6A3629391CF500EC5CC7 /* UniqueMessage.swift */,
				1AEC6A382939209900EC5CC7 /* UniqueMessageIdentifier.swift */,
			);
			path = Model;
			sourceTree = "<group>";
		};
		1AACE87A28CB409F00B96A7C = {
			isa = PBXGroup;
			children = (
				1AACE88528CB409F00B96A7C /* Connected */,
				1AACE88428CB409F00B96A7C /* Products */,
				BC0C9FC183DFEA9F9F54E05A /* Pods */,
				F809BE211112A8AABDC45DCF /* Frameworks */,
			);
			sourceTree = "<group>";
		};
		1AACE88428CB409F00B96A7C /* Products */ = {
			isa = PBXGroup;
			children = (
				1AACE88328CB409F00B96A7C /* Connected.app */,
			);
			name = Products;
			sourceTree = "<group>";
		};
		1AACE88528CB409F00B96A7C /* Connected */ = {
			isa = PBXGroup;
			children = (
				1AAC727B291BAE4100842AB7 /* ConnectedDebug.entitlements */,
				1AB6A02228D22D5800A0D127 /* Connected.entitlements */,
				1AEC6A322938C5A600EC5CC7 /* GoogleService-Info.plist */,
				1ABF82D228DDDF1300433095 /* localAudio.m4a */,
				1A61D0C72924D27300069A77 /* Model */,
				1ADA77B328DB0979006EC39B /* ViewModel */,
				1ADDB26F28D7244400329EA4 /* Utility */,
				1AB6A01F28D0DEA600A0D127 /* Custom */,
				1AACE8E628CE2FE600B96A7C /* Extensions */,
				1AACE8E728CE2FEA00B96A7C /* Controllers */,
				1AACE88628CB409F00B96A7C /* AppDelegate.swift */,
				1AACE88C28CB409F00B96A7C /* Main.storyboard */,
				1A2A951E29274B470041BF9E /* EngLoc.strings */,
				1AACE88F28CB40A300B96A7C /* Assets.xcassets */,
				1AACE8CD28CE0A9000B96A7C /* Fonts */,
				1AACE89128CB40A300B96A7C /* LaunchScreen.storyboard */,
				1AACE89428CB40A300B96A7C /* Info.plist */,
			);
			path = Connected;
			sourceTree = "<group>";
		};
		1AACE8CD28CE0A9000B96A7C /* Fonts */ = {
			isa = PBXGroup;
			children = (
				1AACE8D628CE0AA800B96A7C /* OpenSans-Bold.ttf */,
				1AACE8CE28CE0AA500B96A7C /* OpenSans-BoldItalic.ttf */,
				1AACE8D428CE0AA800B96A7C /* OpenSans-ExtraBold.ttf */,
				1AACE8D928CE0AAA00B96A7C /* OpenSans-ExtraBoldItalic.ttf */,
				1AACE8D728CE0AA900B96A7C /* OpenSans-Italic.ttf */,
				1AACE8D528CE0AA800B96A7C /* OpenSans-Light.ttf */,
				1AACE8D828CE0AA900B96A7C /* OpenSans-LightItalic.ttf */,
				1AACE8CF28CE0AA500B96A7C /* OpenSans-Medium.ttf */,
				1AACE8D328CE0AA700B96A7C /* OpenSans-MediumItalic.ttf */,
				1AACE8D228CE0AA700B96A7C /* OpenSans-Regular.ttf */,
				1AACE8D128CE0AA600B96A7C /* OpenSans-SemiBold.ttf */,
				1AACE8D028CE0AA600B96A7C /* OpenSans-SemiBoldItalic.ttf */,
			);
			path = Fonts;
			sourceTree = "<group>";
		};
		1AACE8E628CE2FE600B96A7C /* Extensions */ = {
			isa = PBXGroup;
			children = (
				1AACE8E828CE300A00B96A7C /* UITextField_Extensions.swift */,
				1AACE8EA28CE312700B96A7C /* UIViewController_Extensions.swift */,
				1AB6A01728CF057300A0D127 /* LoginSheetVC_Extensions.swift */,
				1AB6A01B28D0D80600A0D127 /* UIApplication_Extensions.swift */,
				1A2D1A7A28D4D22F0075AB3B /* String_Extensions.swift */,
				1ADDB26D28D71FFF00329EA4 /* SignupVC_Extensions.swift */,
				1A48B3D228DD7ADE00FCEA88 /* UIBezierPath_Extensions.swift */,
				1A48B3D428DD7B1200FCEA88 /* UIView_Extensions.swift */,
				1A48B41728DD93D100FCEA88 /* ChatVC_Extensions.swift */,
				1A72071228EDCEF9008F8B82 /* ChatRoomVC_Extensions.swift */,
				1A7FBDBB28F025B8001A37BF /* FriendsVC_Extensions.swift */,
				1A7FBDC128F5D5AF001A37BF /* UITableView_Extensions.swift */,
			);
			path = Extensions;
			sourceTree = "<group>";
		};
		1AACE8E728CE2FEA00B96A7C /* Controllers */ = {
			isa = PBXGroup;
			children = (
				1AACE88A28CB409F00B96A7C /* LoginViewController.swift */,
				1AACE8F128CE3CF400B96A7C /* LoginSheetViewController.swift */,
				1AB6A01928D09A8900A0D127 /* SignupViewController.swift */,
				1ADA77BA28DB09B3006EC39B /* ChatViewController.swift */,
				1A72070E28ED7508008F8B82 /* ChatRoomViewController.swift */,
				1A7FBDB528EFFE7C001A37BF /* MyTabBarController.swift */,
				1A72071428EFF7A4008F8B82 /* FriendsViewController.swift */,
				1A7FBDC328F6B1E7001A37BF /* ProfileSheetViewController.swift */,
				1AA8A0D52914251B00110A88 /* NewChatViewController.swift */,
				1AAC7279291954FC00842AB7 /* SettingsViewController.swift */,
				1AAC727C291BFA3200842AB7 /* SettingAppearanceViewController.swift */,
				1A61D0BE291D5CAD00069A77 /* SettingEtcViewController.swift */,
				1A38E3E5293DF6700057C252 /* SettingAccountViewController.swift */,
			);
			path = Controllers;
			sourceTree = "<group>";
		};
		1AB6A01F28D0DEA600A0D127 /* Custom */ = {
			isa = PBXGroup;
			children = (
				1AB6A02028D0DEB000A0D127 /* CustomTransition.swift */,
				1ADA77B628DB099D006EC39B /* ChatTableViewCell.swift */,
				1ADA77B728DB099D006EC39B /* ChatTableViewCell.xib */,
				1ADA77BF28DB5722006EC39B /* RecChatTableViewCell.swift */,
				1ADA77C028DB5722006EC39B /* RecChatTableViewCell.xib */,
				1AAF931028DF5E7C007FDCBB /* PulseAnimation.swift */,
				1A24429F28E5E61200E4A0DD /* TextChatTableViewCell.swift */,
				1A2442A028E5E61200E4A0DD /* TextChatTableViewCell.xib */,
				1A2442A328E6054900E4A0DD /* RecTextChatTableViewCell.swift */,
				1A2442A428E6054900E4A0DD /* RecTextChatTableViewCell.xib */,
				1A72070928ED7263008F8B82 /* ChatRoomTableViewCell.swift */,
				1A72070A28ED7263008F8B82 /* ChatRoomTableViewCell.xib */,
				1A7FBDB728F005DC001A37BF /* MyProfileTableViewCell.swift */,
				1A7FBDB828F005DC001A37BF /* MyProfileTableViewCell.xib */,
				1A7FBDBD28F1B652001A37BF /* FriendProfileTableViewCell.swift */,
				1A7FBDBE28F1B652001A37BF /* FriendProfileTableViewCell.xib */,
				1A46A015290BC7BD0096A923 /* FriendRequestRTableViewCell.swift */,
				1A46A016290BC7BD0096A923 /* FriendRequestRTableViewCell.xib */,
				1A46A019290BC7E10096A923 /* FriendRequestSTableViewCell.swift */,
				1A46A01A290BC7E10096A923 /* FriendRequestSTableViewCell.xib */,
			);
			path = Custom;
			sourceTree = "<group>";
		};
		1ADA77B328DB0979006EC39B /* ViewModel */ = {
			isa = PBXGroup;
			children = (
				1ADA77B428DB0985006EC39B /* UserViewModel.swift */,
				1A72071028ED8204008F8B82 /* UserInfoViewModel.swift */,
			);
			path = ViewModel;
			sourceTree = "<group>";
		};
		1ADDB26F28D7244400329EA4 /* Utility */ = {
			isa = PBXGroup;
			children = (
				1A41E69528E2D8C6006D0C9A /* CachingPlayerItem.swift */,
				1A72070728EB62CB008F8B82 /* Constants.swift */,
			);
			path = Utility;
			sourceTree = "<group>";
		};
		BC0C9FC183DFEA9F9F54E05A /* Pods */ = {
			isa = PBXGroup;
			children = (
				064D0AEE5178D604102F31F1 /* Pods-Connected.debug.xcconfig */,
				8AA12650B1F3ED57E08103C7 /* Pods-Connected.release.xcconfig */,
			);
			path = Pods;
			sourceTree = "<group>";
		};
		F809BE211112A8AABDC45DCF /* Frameworks */ = {
			isa = PBXGroup;
			children = (
				E48F2E930CD9E1781D878261 /* Pods_Connected.framework */,
			);
			name = Frameworks;
			sourceTree = "<group>";
		};
/* End PBXGroup section */

/* Begin PBXNativeTarget section */
		1AACE88228CB409F00B96A7C /* Connected */ = {
			isa = PBXNativeTarget;
			buildConfigurationList = 1AACE89728CB40A300B96A7C /* Build configuration list for PBXNativeTarget "Connected" */;
			buildPhases = (
				A61FB702B9FE4D05932C674E /* [CP] Check Pods Manifest.lock */,
				1AACE87F28CB409F00B96A7C /* Sources */,
				1AACE88028CB409F00B96A7C /* Frameworks */,
				1AACE88128CB409F00B96A7C /* Resources */,
				45A7AB544C5CD3F07C65014D /* [CP] Embed Pods Frameworks */,
				B238B2B5A34FDED0CF168707 /* [CP] Copy Pods Resources */,
			);
			buildRules = (
			);
			dependencies = (
			);
			name = Connected;
			packageProductDependencies = (
				1AACE8EF28CE39F400B96A7C /* PartialSheet */,
				1ADA77BD28DB55CC006EC39B /* DSWaveformImage */,
				1A4A864B28E31B820078EAFC /* Cache */,
			);
			productName = Connected;
			productReference = 1AACE88328CB409F00B96A7C /* Connected.app */;
			productType = "com.apple.product-type.application";
		};
/* End PBXNativeTarget section */

/* Begin PBXProject section */
		1AACE87B28CB409F00B96A7C /* Project object */ = {
			isa = PBXProject;
			attributes = {
				BuildIndependentTargetsInParallel = 1;
				LastSwiftUpdateCheck = 1340;
				LastUpgradeCheck = 1340;
				TargetAttributes = {
					1AACE88228CB409F00B96A7C = {
						CreatedOnToolsVersion = 13.4.1;
					};
				};
			};
			buildConfigurationList = 1AACE87E28CB409F00B96A7C /* Build configuration list for PBXProject "Connected" */;
			compatibilityVersion = "Xcode 13.0";
			developmentRegion = en;
			hasScannedForEncodings = 0;
			knownRegions = (
				en,
				Base,
				ko,
			);
			mainGroup = 1AACE87A28CB409F00B96A7C;
			packageReferences = (
				1AACE8EE28CE39F400B96A7C /* XCRemoteSwiftPackageReference "PartialSheet" */,
				1ADA77BC28DB55CC006EC39B /* XCRemoteSwiftPackageReference "DSWaveformImage" */,
				1A4A864A28E31B820078EAFC /* XCRemoteSwiftPackageReference "Cache" */,
			);
			productRefGroup = 1AACE88428CB409F00B96A7C /* Products */;
			projectDirPath = "";
			projectRoot = "";
			targets = (
				1AACE88228CB409F00B96A7C /* Connected */,
			);
		};
/* End PBXProject section */

/* Begin PBXResourcesBuildPhase section */
		1AACE88128CB409F00B96A7C /* Resources */ = {
			isa = PBXResourcesBuildPhase;
			buildActionMask = 2147483647;
			files = (
				1AACE8DC28CE0AAA00B96A7C /* OpenSans-SemiBoldItalic.ttf in Resources */,
				1A7FBDBA28F005DC001A37BF /* MyProfileTableViewCell.xib in Resources */,
				1A46A018290BC7BD0096A923 /* FriendRequestRTableViewCell.xib in Resources */,
				1A2442A628E6054900E4A0DD /* RecTextChatTableViewCell.xib in Resources */,
				1AACE8DF28CE0AAA00B96A7C /* OpenSans-MediumItalic.ttf in Resources */,
				1AACE8E428CE0AAA00B96A7C /* OpenSans-LightItalic.ttf in Resources */,
				1ABF82D328DDDF1400433095 /* localAudio.m4a in Resources */,
				1AACE8E228CE0AAA00B96A7C /* OpenSans-Bold.ttf in Resources */,
				1AACE89328CB40A300B96A7C /* LaunchScreen.storyboard in Resources */,
				1A2A951C29274B470041BF9E /* EngLoc.strings in Resources */,
				1A72070C28ED7263008F8B82 /* ChatRoomTableViewCell.xib in Resources */,
				1AACE8E328CE0AAA00B96A7C /* OpenSans-Italic.ttf in Resources */,
				1AACE8DD28CE0AAA00B96A7C /* OpenSans-SemiBold.ttf in Resources */,
				1AACE8E528CE0AAA00B96A7C /* OpenSans-ExtraBoldItalic.ttf in Resources */,
				1AACE89028CB40A300B96A7C /* Assets.xcassets in Resources */,
				1AEC6A332938C5A600EC5CC7 /* GoogleService-Info.plist in Resources */,
				1A46A01C290BC7E10096A923 /* FriendRequestSTableViewCell.xib in Resources */,
				1AACE8DA28CE0AAA00B96A7C /* OpenSans-BoldItalic.ttf in Resources */,
				1AACE8DB28CE0AAA00B96A7C /* OpenSans-Medium.ttf in Resources */,
				1ADA77B928DB099D006EC39B /* ChatTableViewCell.xib in Resources */,
				1AACE8DE28CE0AAA00B96A7C /* OpenSans-Regular.ttf in Resources */,
				1ADA77C228DB5722006EC39B /* RecChatTableViewCell.xib in Resources */,
				1A7FBDC028F1B652001A37BF /* FriendProfileTableViewCell.xib in Resources */,
				1AACE88E28CB409F00B96A7C /* Main.storyboard in Resources */,
				1AACE8E128CE0AAA00B96A7C /* OpenSans-Light.ttf in Resources */,
				1A2442A228E5E61200E4A0DD /* TextChatTableViewCell.xib in Resources */,
				1AACE8E028CE0AAA00B96A7C /* OpenSans-ExtraBold.ttf in Resources */,
			);
			runOnlyForDeploymentPostprocessing = 0;
		};
/* End PBXResourcesBuildPhase section */

/* Begin PBXShellScriptBuildPhase section */
		45A7AB544C5CD3F07C65014D /* [CP] Embed Pods Frameworks */ = {
			isa = PBXShellScriptBuildPhase;
			buildActionMask = 2147483647;
			files = (
			);
			inputFileListPaths = (
				"${PODS_ROOT}/Target Support Files/Pods-Connected/Pods-Connected-frameworks-${CONFIGURATION}-input-files.xcfilelist",
			);
			name = "[CP] Embed Pods Frameworks";
			outputFileListPaths = (
				"${PODS_ROOT}/Target Support Files/Pods-Connected/Pods-Connected-frameworks-${CONFIGURATION}-output-files.xcfilelist",
			);
			runOnlyForDeploymentPostprocessing = 0;
			shellPath = /bin/sh;
			shellScript = "\"${PODS_ROOT}/Target Support Files/Pods-Connected/Pods-Connected-frameworks.sh\"\n";
			showEnvVarsInLog = 0;
		};
		A61FB702B9FE4D05932C674E /* [CP] Check Pods Manifest.lock */ = {
			isa = PBXShellScriptBuildPhase;
			buildActionMask = 2147483647;
			files = (
			);
			inputFileListPaths = (
			);
			inputPaths = (
				"${PODS_PODFILE_DIR_PATH}/Podfile.lock",
				"${PODS_ROOT}/Manifest.lock",
			);
			name = "[CP] Check Pods Manifest.lock";
			outputFileListPaths = (
			);
			outputPaths = (
				"$(DERIVED_FILE_DIR)/Pods-Connected-checkManifestLockResult.txt",
			);
			runOnlyForDeploymentPostprocessing = 0;
			shellPath = /bin/sh;
			shellScript = "diff \"${PODS_PODFILE_DIR_PATH}/Podfile.lock\" \"${PODS_ROOT}/Manifest.lock\" > /dev/null\nif [ $? != 0 ] ; then\n    # print error to STDERR\n    echo \"error: The sandbox is not in sync with the Podfile.lock. Run 'pod install' or update your CocoaPods installation.\" >&2\n    exit 1\nfi\n# This output is used by Xcode 'outputs' to avoid re-running this script phase.\necho \"SUCCESS\" > \"${SCRIPT_OUTPUT_FILE_0}\"\n";
			showEnvVarsInLog = 0;
		};
		B238B2B5A34FDED0CF168707 /* [CP] Copy Pods Resources */ = {
			isa = PBXShellScriptBuildPhase;
			buildActionMask = 2147483647;
			files = (
			);
			inputFileListPaths = (
				"${PODS_ROOT}/Target Support Files/Pods-Connected/Pods-Connected-resources-${CONFIGURATION}-input-files.xcfilelist",
			);
			name = "[CP] Copy Pods Resources";
			outputFileListPaths = (
				"${PODS_ROOT}/Target Support Files/Pods-Connected/Pods-Connected-resources-${CONFIGURATION}-output-files.xcfilelist",
			);
			runOnlyForDeploymentPostprocessing = 0;
			shellPath = /bin/sh;
			shellScript = "\"${PODS_ROOT}/Target Support Files/Pods-Connected/Pods-Connected-resources.sh\"\n";
			showEnvVarsInLog = 0;
		};
/* End PBXShellScriptBuildPhase section */

/* Begin PBXSourcesBuildPhase section */
		1AACE87F28CB409F00B96A7C /* Sources */ = {
			isa = PBXSourcesBuildPhase;
			buildActionMask = 2147483647;
			files = (
				1AAC727D291BFA3200842AB7 /* SettingAppearanceViewController.swift in Sources */,
				1A2D1A7B28D4D2300075AB3B /* String_Extensions.swift in Sources */,
				1A2442A128E5E61200E4A0DD /* TextChatTableViewCell.swift in Sources */,
				1ADDB26E28D71FFF00329EA4 /* SignupVC_Extensions.swift in Sources */,
				1A7FBDC228F5D5B0001A37BF /* UITableView_Extensions.swift in Sources */,
				1ADA77C128DB5722006EC39B /* RecChatTableViewCell.swift in Sources */,
				1AAC727A291954FD00842AB7 /* SettingsViewController.swift in Sources */,
				1A72071528EFF7A4008F8B82 /* FriendsViewController.swift in Sources */,
				1A48B3D328DD7ADE00FCEA88 /* UIBezierPath_Extensions.swift in Sources */,
				1AA8A0D62914251C00110A88 /* NewChatViewController.swift in Sources */,
				1AACE8EB28CE312700B96A7C /* UIViewController_Extensions.swift in Sources */,
				1AEC6A3729391CF500EC5CC7 /* UniqueMessage.swift in Sources */,
				1A7FBDB928F005DC001A37BF /* MyProfileTableViewCell.swift in Sources */,
				1A72070828EB62CB008F8B82 /* Constants.swift in Sources */,
				1AB6A01A28D09A8900A0D127 /* SignupViewController.swift in Sources */,
				1AEC6A392939209900EC5CC7 /* UniqueMessageIdentifier.swift in Sources */,
				1AB6A01C28D0D80600A0D127 /* UIApplication_Extensions.swift in Sources */,
				1A7FBDC428F6B1E7001A37BF /* ProfileSheetViewController.swift in Sources */,
				1A61D0BF291D5CAD00069A77 /* SettingEtcViewController.swift in Sources */,
				1A38E3E6293DF6700057C252 /* SettingAccountViewController.swift in Sources */,
				1A61D0C62924D26200069A77 /* DescriptiveData.swift in Sources */,
				1A46A01B290BC7E10096A923 /* FriendRequestSTableViewCell.swift in Sources */,
				1AACE8E928CE300A00B96A7C /* UITextField_Extensions.swift in Sources */,
				1AB6A02128D0DEB000A0D127 /* CustomTransition.swift in Sources */,
				1A48B41828DD93D100FCEA88 /* ChatVC_Extensions.swift in Sources */,
				1A7FBDBF28F1B652001A37BF /* FriendProfileTableViewCell.swift in Sources */,
				1A7FBDBC28F025B8001A37BF /* FriendsVC_Extensions.swift in Sources */,
				1A7FBDB628EFFE7C001A37BF /* MyTabBarController.swift in Sources */,
				1A41E69628E2D8C7006D0C9A /* CachingPlayerItem.swift in Sources */,
				1AB6A01828CF057300A0D127 /* LoginSheetVC_Extensions.swift in Sources */,
				1AACE88B28CB409F00B96A7C /* LoginViewController.swift in Sources */,
				1ADA77B528DB0985006EC39B /* UserViewModel.swift in Sources */,
				1A2442A528E6054900E4A0DD /* RecTextChatTableViewCell.swift in Sources */,
				1A72070F28ED7508008F8B82 /* ChatRoomViewController.swift in Sources */,
				1AACE8F228CE3CF400B96A7C /* LoginSheetViewController.swift in Sources */,
				1A72071128ED8204008F8B82 /* UserInfoViewModel.swift in Sources */,
				1ADA77B828DB099D006EC39B /* ChatTableViewCell.swift in Sources */,
				1AAF931128DF5E7C007FDCBB /* PulseAnimation.swift in Sources */,
				1A7E868E292E448C00EED7B5 /* SpeechRecognizer.swift in Sources */,
				1AACE88728CB409F00B96A7C /* AppDelegate.swift in Sources */,
				1ADA77BB28DB09B3006EC39B /* ChatViewController.swift in Sources */,
				1A46A017290BC7BD0096A923 /* FriendRequestRTableViewCell.swift in Sources */,
				1A72071328EDCEF9008F8B82 /* ChatRoomVC_Extensions.swift in Sources */,
				1A72070B28ED7263008F8B82 /* ChatRoomTableViewCell.swift in Sources */,
				1A48B3D528DD7B1200FCEA88 /* UIView_Extensions.swift in Sources */,
			);
			runOnlyForDeploymentPostprocessing = 0;
		};
/* End PBXSourcesBuildPhase section */

/* Begin PBXVariantGroup section */
		1A2A951E29274B470041BF9E /* EngLoc.strings */ = {
			isa = PBXVariantGroup;
			children = (
				1A2A951D29274B470041BF9E /* en */,
				1A2A951F29274B5D0041BF9E /* ko */,
			);
			name = EngLoc.strings;
			sourceTree = "<group>";
		};
		1AACE88C28CB409F00B96A7C /* Main.storyboard */ = {
			isa = PBXVariantGroup;
			children = (
				1AACE88D28CB409F00B96A7C /* Base */,
				1A2A9520292A79A40041BF9E /* en */,
				1A2A9521292A79A80041BF9E /* ko */,
			);
			name = Main.storyboard;
			sourceTree = "<group>";
		};
		1AACE89128CB40A300B96A7C /* LaunchScreen.storyboard */ = {
			isa = PBXVariantGroup;
			children = (
				1AACE89228CB40A300B96A7C /* Base */,
				1A2A9517292747FB0041BF9E /* ko */,
			);
			name = LaunchScreen.storyboard;
			sourceTree = "<group>";
		};
/* End PBXVariantGroup section */

/* Begin XCBuildConfiguration section */
		1AACE89528CB40A300B96A7C /* Debug */ = {
			isa = XCBuildConfiguration;
			buildSettings = {
				ALWAYS_SEARCH_USER_PATHS = NO;
				CLANG_ANALYZER_LOCALIZABILITY_NONLOCALIZED = YES;
				CLANG_ANALYZER_NONNULL = YES;
				CLANG_ANALYZER_NUMBER_OBJECT_CONVERSION = YES_AGGRESSIVE;
				CLANG_CXX_LANGUAGE_STANDARD = "gnu++17";
				CLANG_ENABLE_MODULES = YES;
				CLANG_ENABLE_OBJC_ARC = YES;
				CLANG_ENABLE_OBJC_WEAK = YES;
				CLANG_WARN_BLOCK_CAPTURE_AUTORELEASING = YES;
				CLANG_WARN_BOOL_CONVERSION = YES;
				CLANG_WARN_COMMA = YES;
				CLANG_WARN_CONSTANT_CONVERSION = YES;
				CLANG_WARN_DEPRECATED_OBJC_IMPLEMENTATIONS = YES;
				CLANG_WARN_DIRECT_OBJC_ISA_USAGE = YES_ERROR;
				CLANG_WARN_DOCUMENTATION_COMMENTS = YES;
				CLANG_WARN_EMPTY_BODY = YES;
				CLANG_WARN_ENUM_CONVERSION = YES;
				CLANG_WARN_INFINITE_RECURSION = YES;
				CLANG_WARN_INT_CONVERSION = YES;
				CLANG_WARN_NON_LITERAL_NULL_CONVERSION = YES;
				CLANG_WARN_OBJC_IMPLICIT_RETAIN_SELF = YES;
				CLANG_WARN_OBJC_LITERAL_CONVERSION = YES;
				CLANG_WARN_OBJC_ROOT_CLASS = YES_ERROR;
				CLANG_WARN_QUOTED_INCLUDE_IN_FRAMEWORK_HEADER = YES;
				CLANG_WARN_RANGE_LOOP_ANALYSIS = YES;
				CLANG_WARN_STRICT_PROTOTYPES = YES;
				CLANG_WARN_SUSPICIOUS_MOVE = YES;
				CLANG_WARN_UNGUARDED_AVAILABILITY = YES_AGGRESSIVE;
				CLANG_WARN_UNREACHABLE_CODE = YES;
				CLANG_WARN__DUPLICATE_METHOD_MATCH = YES;
				COPY_PHASE_STRIP = NO;
				DEBUG_INFORMATION_FORMAT = dwarf;
				ENABLE_STRICT_OBJC_MSGSEND = YES;
				ENABLE_TESTABILITY = YES;
				GCC_C_LANGUAGE_STANDARD = gnu11;
				GCC_DYNAMIC_NO_PIC = NO;
				GCC_NO_COMMON_BLOCKS = NO;
				GCC_OPTIMIZATION_LEVEL = 0;
				GCC_PREPROCESSOR_DEFINITIONS = (
					"DEBUG=1",
					"$(inherited)",
				);
				GCC_WARN_64_TO_32_BIT_CONVERSION = YES;
				GCC_WARN_ABOUT_RETURN_TYPE = YES_ERROR;
				GCC_WARN_UNDECLARED_SELECTOR = YES;
				GCC_WARN_UNINITIALIZED_AUTOS = YES_AGGRESSIVE;
				GCC_WARN_UNUSED_FUNCTION = YES;
				GCC_WARN_UNUSED_VARIABLE = YES;
				IPHONEOS_DEPLOYMENT_TARGET = 15.4;
				MTL_ENABLE_DEBUG_INFO = INCLUDE_SOURCE;
				MTL_FAST_MATH = YES;
				ONLY_ACTIVE_ARCH = YES;
				SDKROOT = iphoneos;
				SWIFT_ACTIVE_COMPILATION_CONDITIONS = DEBUG;
				SWIFT_OPTIMIZATION_LEVEL = "-Onone";
			};
			name = Debug;
		};
		1AACE89628CB40A300B96A7C /* Release */ = {
			isa = XCBuildConfiguration;
			buildSettings = {
				ALWAYS_SEARCH_USER_PATHS = NO;
				CLANG_ANALYZER_LOCALIZABILITY_NONLOCALIZED = YES;
				CLANG_ANALYZER_NONNULL = YES;
				CLANG_ANALYZER_NUMBER_OBJECT_CONVERSION = YES_AGGRESSIVE;
				CLANG_CXX_LANGUAGE_STANDARD = "gnu++17";
				CLANG_ENABLE_MODULES = YES;
				CLANG_ENABLE_OBJC_ARC = YES;
				CLANG_ENABLE_OBJC_WEAK = YES;
				CLANG_WARN_BLOCK_CAPTURE_AUTORELEASING = YES;
				CLANG_WARN_BOOL_CONVERSION = YES;
				CLANG_WARN_COMMA = YES;
				CLANG_WARN_CONSTANT_CONVERSION = YES;
				CLANG_WARN_DEPRECATED_OBJC_IMPLEMENTATIONS = YES;
				CLANG_WARN_DIRECT_OBJC_ISA_USAGE = YES_ERROR;
				CLANG_WARN_DOCUMENTATION_COMMENTS = YES;
				CLANG_WARN_EMPTY_BODY = YES;
				CLANG_WARN_ENUM_CONVERSION = YES;
				CLANG_WARN_INFINITE_RECURSION = YES;
				CLANG_WARN_INT_CONVERSION = YES;
				CLANG_WARN_NON_LITERAL_NULL_CONVERSION = YES;
				CLANG_WARN_OBJC_IMPLICIT_RETAIN_SELF = YES;
				CLANG_WARN_OBJC_LITERAL_CONVERSION = YES;
				CLANG_WARN_OBJC_ROOT_CLASS = YES_ERROR;
				CLANG_WARN_QUOTED_INCLUDE_IN_FRAMEWORK_HEADER = YES;
				CLANG_WARN_RANGE_LOOP_ANALYSIS = YES;
				CLANG_WARN_STRICT_PROTOTYPES = YES;
				CLANG_WARN_SUSPICIOUS_MOVE = YES;
				CLANG_WARN_UNGUARDED_AVAILABILITY = YES_AGGRESSIVE;
				CLANG_WARN_UNREACHABLE_CODE = YES;
				CLANG_WARN__DUPLICATE_METHOD_MATCH = YES;
				COPY_PHASE_STRIP = NO;
				DEBUG_INFORMATION_FORMAT = "dwarf-with-dsym";
				ENABLE_NS_ASSERTIONS = NO;
				ENABLE_STRICT_OBJC_MSGSEND = YES;
				GCC_C_LANGUAGE_STANDARD = gnu11;
				GCC_NO_COMMON_BLOCKS = NO;
				GCC_WARN_64_TO_32_BIT_CONVERSION = YES;
				GCC_WARN_ABOUT_RETURN_TYPE = YES_ERROR;
				GCC_WARN_UNDECLARED_SELECTOR = YES;
				GCC_WARN_UNINITIALIZED_AUTOS = YES_AGGRESSIVE;
				GCC_WARN_UNUSED_FUNCTION = YES;
				GCC_WARN_UNUSED_VARIABLE = YES;
				IPHONEOS_DEPLOYMENT_TARGET = 15.4;
				MTL_ENABLE_DEBUG_INFO = NO;
				MTL_FAST_MATH = YES;
				ONLY_ACTIVE_ARCH = NO;
				SDKROOT = iphoneos;
				SWIFT_COMPILATION_MODE = wholemodule;
				SWIFT_OPTIMIZATION_LEVEL = "-O";
				VALIDATE_PRODUCT = YES;
			};
			name = Release;
		};
		1AACE89828CB40A300B96A7C /* Debug */ = {
			isa = XCBuildConfiguration;
			baseConfigurationReference = 064D0AEE5178D604102F31F1 /* Pods-Connected.debug.xcconfig */;
			buildSettings = {
				ASSETCATALOG_COMPILER_APPICON_NAME = AppIcon;
				ASSETCATALOG_COMPILER_GLOBAL_ACCENT_COLOR_NAME = AccentColor;
				CODE_SIGN_ENTITLEMENTS = Connected/ConnectedDebug.entitlements;
				CODE_SIGN_IDENTITY = "Apple Development";
				CODE_SIGN_STYLE = Automatic;
				CURRENT_PROJECT_VERSION = 1;
				DEVELOPMENT_TEAM = 6DXT245L5T;
				GENERATE_INFOPLIST_FILE = YES;
				INFOPLIST_FILE = Connected/Info.plist;
				INFOPLIST_KEY_CFBundleDisplayName = "Connected - 커넥티드";
				INFOPLIST_KEY_LSApplicationCategoryType = "public.app-category.social-networking";
				INFOPLIST_KEY_NSLocationAlwaysAndWhenInUseUsageDescription = "Turning on location services allows us to share your live location with other Connected users";
				INFOPLIST_KEY_NSLocationAlwaysUsageDescription = "Turning on location services allows us to share your live location with other Connected users";
				INFOPLIST_KEY_NSLocationUsageDescription = "Turning on location services allows us to share your live location with other Connected users";
				INFOPLIST_KEY_NSLocationWhenInUseUsageDescription = "Turning on location services allows us to share your live location with other Connected users";
				INFOPLIST_KEY_NSMicrophoneUsageDescription = "Turn on your microphone to send audio messages to other Connected users";
				INFOPLIST_KEY_NSPhotoLibraryAddUsageDescription = "Allow access to photo library to change your profile and background images";
				INFOPLIST_KEY_NSPhotoLibraryUsageDescription = "Allow access to photo library to change your profile and background images";
				INFOPLIST_KEY_NSSpeechRecognitionUsageDescription = "Allow usage of speech recognition to transcribe audio messages to text";
				INFOPLIST_KEY_UIApplicationSupportsIndirectInputEvents = YES;
				INFOPLIST_KEY_UILaunchStoryboardName = LaunchScreen;
				INFOPLIST_KEY_UIMainStoryboardFile = Main;
				INFOPLIST_KEY_UISupportedInterfaceOrientations_iPad = "UIInterfaceOrientationPortrait UIInterfaceOrientationPortraitUpsideDown UIInterfaceOrientationLandscapeLeft UIInterfaceOrientationLandscapeRight";
				INFOPLIST_KEY_UISupportedInterfaceOrientations_iPhone = "UIInterfaceOrientationPortrait UIInterfaceOrientationLandscapeLeft UIInterfaceOrientationLandscapeRight";
				LD_RUNPATH_SEARCH_PATHS = (
					"$(inherited)",
					"@executable_path/Frameworks",
				);
				MARKETING_VERSION = 1.0.1;
				PRODUCT_BUNDLE_IDENTIFIER = konkuk.jhpark.Connected;
				PRODUCT_NAME = "$(TARGET_NAME)";
				PROVISIONING_PROFILE_SPECIFIER = "";
				SWIFT_EMIT_LOC_STRINGS = YES;
				SWIFT_VERSION = 5.0;
				TARGETED_DEVICE_FAMILY = "1,2";
			};
			name = Debug;
		};
		1AACE89928CB40A300B96A7C /* Release */ = {
			isa = XCBuildConfiguration;
			baseConfigurationReference = 8AA12650B1F3ED57E08103C7 /* Pods-Connected.release.xcconfig */;
			buildSettings = {
				ASSETCATALOG_COMPILER_APPICON_NAME = AppIcon;
				ASSETCATALOG_COMPILER_GLOBAL_ACCENT_COLOR_NAME = AccentColor;
				CODE_SIGN_ENTITLEMENTS = Connected/Connected.entitlements;
				CODE_SIGN_STYLE = Automatic;
				CURRENT_PROJECT_VERSION = 1;
				DEVELOPMENT_TEAM = 6DXT245L5T;
				GENERATE_INFOPLIST_FILE = YES;
				INFOPLIST_FILE = Connected/Info.plist;
				INFOPLIST_KEY_CFBundleDisplayName = "Connected - 커넥티드";
				"INFOPLIST_KEY_CFBundleDisplayName[sdk=iphoneos*]" = "Connected - 커넥티드";
				INFOPLIST_KEY_LSApplicationCategoryType = "public.app-category.social-networking";
				INFOPLIST_KEY_NSLocationAlwaysAndWhenInUseUsageDescription = "Turning on location services allows us to share your live location with other Connected users";
				INFOPLIST_KEY_NSLocationAlwaysUsageDescription = "Turning on location services allows us to share your live location with other Connected users";
				INFOPLIST_KEY_NSLocationUsageDescription = "Turning on location services allows us to share your live location with other Connected users";
				INFOPLIST_KEY_NSLocationWhenInUseUsageDescription = "Turning on location services allows us to share your live location with other Connected users";
				INFOPLIST_KEY_NSMicrophoneUsageDescription = "Turn on your microphone to send audio messages to other Connected users";
				INFOPLIST_KEY_NSPhotoLibraryAddUsageDescription = "Allow access to photo library to change your profile and background images";
				INFOPLIST_KEY_NSPhotoLibraryUsageDescription = "Allow access to photo library to change your profile and background images";
				INFOPLIST_KEY_NSSpeechRecognitionUsageDescription = "Allow usage of speech recognition to transcribe audio messages to text";
				INFOPLIST_KEY_UIApplicationSupportsIndirectInputEvents = YES;
				INFOPLIST_KEY_UILaunchStoryboardName = LaunchScreen;
				INFOPLIST_KEY_UIMainStoryboardFile = Main;
				INFOPLIST_KEY_UISupportedInterfaceOrientations_iPad = "UIInterfaceOrientationPortrait UIInterfaceOrientationPortraitUpsideDown UIInterfaceOrientationLandscapeLeft UIInterfaceOrientationLandscapeRight";
				INFOPLIST_KEY_UISupportedInterfaceOrientations_iPhone = "UIInterfaceOrientationPortrait UIInterfaceOrientationLandscapeLeft UIInterfaceOrientationLandscapeRight";
				LD_RUNPATH_SEARCH_PATHS = (
					"$(inherited)",
					"@executable_path/Frameworks",
				);
				MARKETING_VERSION = 1.0.1;
				ONLY_ACTIVE_ARCH = NO;
				PRODUCT_BUNDLE_IDENTIFIER = konkuk.jhpark.Connected;
				PRODUCT_NAME = "$(TARGET_NAME)";
				SWIFT_EMIT_LOC_STRINGS = YES;
				SWIFT_VERSION = 5.0;
				TARGETED_DEVICE_FAMILY = "1,2";
			};
			name = Release;
		};
/* End XCBuildConfiguration section */

/* Begin XCConfigurationList section */
		1AACE87E28CB409F00B96A7C /* Build configuration list for PBXProject "Connected" */ = {
			isa = XCConfigurationList;
			buildConfigurations = (
				1AACE89528CB40A300B96A7C /* Debug */,
				1AACE89628CB40A300B96A7C /* Release */,
			);
			defaultConfigurationIsVisible = 0;
			defaultConfigurationName = Release;
		};
		1AACE89728CB40A300B96A7C /* Build configuration list for PBXNativeTarget "Connected" */ = {
			isa = XCConfigurationList;
			buildConfigurations = (
				1AACE89828CB40A300B96A7C /* Debug */,
				1AACE89928CB40A300B96A7C /* Release */,
			);
			defaultConfigurationIsVisible = 0;
			defaultConfigurationName = Release;
		};
/* End XCConfigurationList section */

/* Begin XCRemoteSwiftPackageReference section */
		1A4A864A28E31B820078EAFC /* XCRemoteSwiftPackageReference "Cache" */ = {
			isa = XCRemoteSwiftPackageReference;
			repositoryURL = "https://github.com/hyperoslo/Cache";
			requirement = {
				kind = upToNextMajorVersion;
				minimumVersion = 6.0.0;
			};
		};
		1AACE8EE28CE39F400B96A7C /* XCRemoteSwiftPackageReference "PartialSheet" */ = {
			isa = XCRemoteSwiftPackageReference;
			repositoryURL = "https://github.com/AndreaMiotto/PartialSheet";
			requirement = {
				kind = upToNextMajorVersion;
				minimumVersion = 3.0.0;
			};
		};
		1ADA77BC28DB55CC006EC39B /* XCRemoteSwiftPackageReference "DSWaveformImage" */ = {
			isa = XCRemoteSwiftPackageReference;
			repositoryURL = "https://github.com/dmrschmidt/DSWaveformImage";
			requirement = {
				kind = upToNextMajorVersion;
				minimumVersion = 10.0.0;
			};
		};
/* End XCRemoteSwiftPackageReference section */

/* Begin XCSwiftPackageProductDependency section */
		1A4A864B28E31B820078EAFC /* Cache */ = {
			isa = XCSwiftPackageProductDependency;
			package = 1A4A864A28E31B820078EAFC /* XCRemoteSwiftPackageReference "Cache" */;
			productName = Cache;
		};
		1AACE8EF28CE39F400B96A7C /* PartialSheet */ = {
			isa = XCSwiftPackageProductDependency;
			package = 1AACE8EE28CE39F400B96A7C /* XCRemoteSwiftPackageReference "PartialSheet" */;
			productName = PartialSheet;
		};
		1ADA77BD28DB55CC006EC39B /* DSWaveformImage */ = {
			isa = XCSwiftPackageProductDependency;
			package = 1ADA77BC28DB55CC006EC39B /* XCRemoteSwiftPackageReference "DSWaveformImage" */;
			productName = DSWaveformImage;
		};
/* End XCSwiftPackageProductDependency section */
	};
	rootObject = 1AACE87B28CB409F00B96A7C /* Project object */;
}
